
Microsoft Visual Studio Solution File, Format Version 12.00
# Visual Studio Version 16
VisualStudioVersion = 16.0.30011.22
MinimumVisualStudioVersion = 10.0.40219.1
Project("{FAE04EC0-301F-11D3-BF4B-00C04F79EFBC}") = "Practica_2", "Practica_2\Practica_2.csproj", "{E03F0C09-FF06-40F9-A1B1-8C8CC77D8F33}"
EndProject
Project("{FAE04EC0-301F-11D3-BF4B-00C04F79EFBC}") = "Ejercicio_Int", "Ejercicio_Int\Ejercicio_Int.csproj", "{918A6817-9059-4B0E-A964-166C9B7B4485}"
EndProject
Project("{FAE04EC0-301F-11D3-BF4B-00C04F79EFBC}") = "CalculoPerimetro", "CalculoPerimetro\CalculoPerimetro.csproj", "{885F406B-4C3F-4DC9-B5C3-03250B8E56A3}"
EndProject
Project("{FAE04EC0-301F-11D3-BF4B-00C04F79EFBC}") = "Ejercicio_String", "Ejercicio_String\Ejercicio_String.csproj", "{40693C97-E696-4ACD-88AF-AADA206701B6}"
EndProject
Project("{FAE04EC0-301F-11D3-BF4B-00C04F79EFBC}") = "Ejercicio_StringInt", "Ejercicio_StringInt\Ejercicio_StringInt.csproj", "{A7AB89AD-9C0B-4961-B5CD-0734ACC31E11}"
EndProject
Project("{FAE04EC0-301F-11D3-BF4B-00C04F79EFBC}") = "Operaciones", "Operaciones\Operaciones.csproj", "{E4FE9F8E-F87F-4FAC-978B-EBE786E35E87}"
EndProject
Project("{FAE04EC0-301F-11D3-BF4B-00C04F79EFBC}") = "Burguer", "Burguer\Burguer.csproj", "{5A442843-478F-4E2C-B0CF-4837299ED85B}"
EndProject
Project("{FAE04EC0-301F-11D3-BF4B-00C04F79EFBC}") = "IfChar", "IfChar\IfChar.csproj", "{3A2764EB-9163-4247-854C-249ECD51D156}"
EndProject
Project("{FAE04EC0-301F-11D3-BF4B-00C04F79EFBC}") = "FormaPago", "FormaPago\FormaPago.csproj", "{C6E8B4FD-EDA8-40FD-BE4E-9226589496DD}"
EndProject
Global
	GlobalSection(SolutionConfigurationPlatforms) = preSolution
		Debug|Any CPU = Debug|Any CPU
		Release|Any CPU = Release|Any CPU
	EndGlobalSection
	GlobalSection(ProjectConfigurationPlatforms) = postSolution
		{E03F0C09-FF06-40F9-A1B1-8C8CC77D8F33}.Debug|Any CPU.ActiveCfg = Debug|Any CPU
		{E03F0C09-FF06-40F9-A1B1-8C8CC77D8F33}.Debug|Any CPU.Build.0 = Debug|Any CPU
		{E03F0C09-FF06-40F9-A1B1-8C8CC77D8F33}.Release|Any CPU.ActiveCfg = Release|Any CPU
		{E03F0C09-FF06-40F9-A1B1-8C8CC77D8F33}.Release|Any CPU.Build.0 = Release|Any CPU
		{918A6817-9059-4B0E-A964-166C9B7B4485}.Debug|Any CPU.ActiveCfg = Debug|Any CPU
		{918A6817-9059-4B0E-A964-166C9B7B4485}.Debug|Any CPU.Build.0 = Debug|Any CPU
		{918A6817-9059-4B0E-A964-166C9B7B4485}.Release|Any CPU.ActiveCfg = Release|Any CPU
		{918A6817-9059-4B0E-A964-166C9B7B4485}.Release|Any CPU.Build.0 = Release|Any CPU
		{885F406B-4C3F-4DC9-B5C3-03250B8E56A3}.Debug|Any CPU.ActiveCfg = Debug|Any CPU
		{885F406B-4C3F-4DC9-B5C3-03250B8E56A3}.Debug|Any CPU.Build.0 = Debug|Any CPU
		{885F406B-4C3F-4DC9-B5C3-03250B8E56A3}.Release|Any CPU.ActiveCfg = Release|Any CPU
		{885F406B-4C3F-4DC9-B5C3-03250B8E56A3}.Release|Any CPU.Build.0 = Release|Any CPU
		{40693C97-E696-4ACD-88AF-AADA206701B6}.Debug|Any CPU.ActiveCfg = Debug|Any CPU
		{40693C97-E696-4ACD-88AF-AADA206701B6}.Debug|Any CPU.Build.0 = Debug|Any CPU
		{40693C97-E696-4ACD-88AF-AADA206701B6}.Release|Any CPU.ActiveCfg = Release|Any CPU
		{40693C97-E696-4ACD-88AF-AADA206701B6}.Release|Any CPU.Build.0 = Release|Any CPU
		{A7AB89AD-9C0B-4961-B5CD-0734ACC31E11}.Debug|Any CPU.ActiveCfg = Debug|Any CPU
		{A7AB89AD-9C0B-4961-B5CD-0734ACC31E11}.Debug|Any CPU.Build.0 = Debug|Any CPU
		{A7AB89AD-9C0B-4961-B5CD-0734ACC31E11}.Release|Any CPU.ActiveCfg = Release|Any CPU
		{A7AB89AD-9C0B-4961-B5CD-0734ACC31E11}.Release|Any CPU.Build.0 = Release|Any CPU
		{E4FE9F8E-F87F-4FAC-978B-EBE786E35E87}.Debug|Any CPU.ActiveCfg = Debug|Any CPU
		{E4FE9F8E-F87F-4FAC-978B-EBE786E35E87}.Debug|Any CPU.Build.0 = Debug|Any CPU
		{E4FE9F8E-F87F-4FAC-978B-EBE786E35E87}.Release|Any CPU.ActiveCfg = Release|Any CPU
		{E4FE9F8E-F87F-4FAC-978B-EBE786E35E87}.Release|Any CPU.Build.0 = Release|Any CPU
		{5A442843-478F-4E2C-B0CF-4837299ED85B}.Debug|Any CPU.ActiveCfg = Debug|Any CPU
		{5A442843-478F-4E2C-B0CF-4837299ED85B}.Debug|Any CPU.Build.0 = Debug|Any CPU
		{5A442843-478F-4E2C-B0CF-4837299ED85B}.Release|Any CPU.ActiveCfg = Release|Any CPU
		{5A442843-478F-4E2C-B0CF-4837299ED85B}.Release|Any CPU.Build.0 = Release|Any CPU
		{3A2764EB-9163-4247-854C-249ECD51D156}.Debug|Any CPU.ActiveCfg = Debug|Any CPU
		{3A2764EB-9163-4247-854C-249ECD51D156}.Debug|Any CPU.Build.0 = Debug|Any CPU
		{3A2764EB-9163-4247-854C-249ECD51D156}.Release|Any CPU.ActiveCfg = Release|Any CPU
		{3A2764EB-9163-4247-854C-249ECD51D156}.Release|Any CPU.Build.0 = Release|Any CPU
		{C6E8B4FD-EDA8-40FD-BE4E-9226589496DD}.Debug|Any CPU.ActiveCfg = Debug|Any CPU
		{C6E8B4FD-EDA8-40FD-BE4E-9226589496DD}.Debug|Any CPU.Build.0 = Debug|Any CPU
		{C6E8B4FD-EDA8-40FD-BE4E-9226589496DD}.Release|Any CPU.ActiveCfg = Release|Any CPU
		{C6E8B4FD-EDA8-40FD-BE4E-9226589496DD}.Release|Any CPU.Build.0 = Release|Any CPU
	EndGlobalSection
	GlobalSection(SolutionProperties) = preSolution
		HideSolutionNode = FALSE
	EndGlobalSection
	GlobalSection(ExtensibilityGlobals) = postSolution
		SolutionGuid = {E092A59E-F2FE-42C6-8A5E-4DFE3BC0C272}
	EndGlobalSection
EndGlobal
